// !$*UTF8*$!
{
	archiveVersion = 1;
	classes = {
	};
	objectVersion = 48;
	objects = {

/* Begin PBXBuildFile section */
		49455C36202FDA330017926C /* TimeTableEntry+extension.swift in Sources */ = {isa = PBXBuildFile; fileRef = 49455C35202FDA330017926C /* TimeTableEntry+extension.swift */; };
		49649006203E634900734ED3 /* Station+extension.swift in Sources */ = {isa = PBXBuildFile; fileRef = 49649005203E634900734ED3 /* Station+extension.swift */; };
		4968F5BF203E539C00A7F011 /* FavoritesViewController.swift in Sources */ = {isa = PBXBuildFile; fileRef = 4968F5BE203E539C00A7F011 /* FavoritesViewController.swift */; };
		4983799D202D118400733412 /* Station.swift in Sources */ = {isa = PBXBuildFile; fileRef = 4983799C202D118400733412 /* Station.swift */; };
		498379A0202D182500733412 /* Network.swift in Sources */ = {isa = PBXBuildFile; fileRef = 4983799F202D182500733412 /* Network.swift */; };
		498379A2202D1EAE00733412 /* AllStationListTableViewController.swift in Sources */ = {isa = PBXBuildFile; fileRef = 498379A1202D1EAE00733412 /* AllStationListTableViewController.swift */; };
		498379A4202D1F1B00733412 /* StationTableViewCell.swift in Sources */ = {isa = PBXBuildFile; fileRef = 498379A3202D1F1B00733412 /* StationTableViewCell.swift */; };
		49ADF1D8203E26AF00680982 /* ClosestStationViewController.swift in Sources */ = {isa = PBXBuildFile; fileRef = 49ADF1D7203E26AF00680982 /* ClosestStationViewController.swift */; };
		49BC8124202E670900200DA6 /* TimeTableViewController.swift in Sources */ = {isa = PBXBuildFile; fileRef = 49BC8123202E670900200DA6 /* TimeTableViewController.swift */; };
		49BC8128202F55FF00200DA6 /* Estimate.swift in Sources */ = {isa = PBXBuildFile; fileRef = 49BC8127202F55FF00200DA6 /* Estimate.swift */; };
		49BC812A202F639400200DA6 /* TimeTableTableViewCell.swift in Sources */ = {isa = PBXBuildFile; fileRef = 49BC8129202F639400200DA6 /* TimeTableTableViewCell.swift */; };
		49DAC61B202CF43900106F48 /* AppDelegate.swift in Sources */ = {isa = PBXBuildFile; fileRef = 49DAC61A202CF43900106F48 /* AppDelegate.swift */; };
		49DAC620202CF43900106F48 /* Main.storyboard in Resources */ = {isa = PBXBuildFile; fileRef = 49DAC61E202CF43900106F48 /* Main.storyboard */; };
		49DAC622202CF43900106F48 /* Assets.xcassets in Resources */ = {isa = PBXBuildFile; fileRef = 49DAC621202CF43900106F48 /* Assets.xcassets */; };
		49DAC625202CF43900106F48 /* LaunchScreen.storyboard in Resources */ = {isa = PBXBuildFile; fileRef = 49DAC623202CF43900106F48 /* LaunchScreen.storyboard */; };
		49E9AAAF2034B1F200915238 /* UIColor+extension.swift in Sources */ = {isa = PBXBuildFile; fileRef = 49E9AAAE2034B1F200915238 /* UIColor+extension.swift */; };
		49E9AAB12034C28100915238 /* MainTabBarViewController.swift in Sources */ = {isa = PBXBuildFile; fileRef = 49E9AAB02034C28100915238 /* MainTabBarViewController.swift */; };
		5DAFE973C40DC6C6D28935D7 /* Pods_bart.framework in Frameworks */ = {isa = PBXBuildFile; fileRef = 0E6428A5002FC787FAE15DBE /* Pods_bart.framework */; };
/* End PBXBuildFile section */

/* Begin PBXFileReference section */
		0E6428A5002FC787FAE15DBE /* Pods_bart.framework */ = {isa = PBXFileReference; explicitFileType = wrapper.framework; includeInIndex = 0; path = Pods_bart.framework; sourceTree = BUILT_PRODUCTS_DIR; };
		49455C35202FDA330017926C /* TimeTableEntry+extension.swift */ = {isa = PBXFileReference; lastKnownFileType = sourcecode.swift; path = "TimeTableEntry+extension.swift"; sourceTree = "<group>"; };
		49649005203E634900734ED3 /* Station+extension.swift */ = {isa = PBXFileReference; lastKnownFileType = sourcecode.swift; path = "Station+extension.swift"; sourceTree = "<group>"; };
		4968F5BE203E539C00A7F011 /* FavoritesViewController.swift */ = {isa = PBXFileReference; lastKnownFileType = sourcecode.swift; path = FavoritesViewController.swift; sourceTree = "<group>"; };
		4983799C202D118400733412 /* Station.swift */ = {isa = PBXFileReference; lastKnownFileType = sourcecode.swift; path = Station.swift; sourceTree = "<group>"; };
		4983799F202D182500733412 /* Network.swift */ = {isa = PBXFileReference; lastKnownFileType = sourcecode.swift; path = Network.swift; sourceTree = "<group>"; };
		498379A1202D1EAE00733412 /* AllStationListTableViewController.swift */ = {isa = PBXFileReference; lastKnownFileType = sourcecode.swift; path = AllStationListTableViewController.swift; sourceTree = "<group>"; };
		498379A3202D1F1B00733412 /* StationTableViewCell.swift */ = {isa = PBXFileReference; lastKnownFileType = sourcecode.swift; path = StationTableViewCell.swift; sourceTree = "<group>"; };
		49ADF1D7203E26AF00680982 /* ClosestStationViewController.swift */ = {isa = PBXFileReference; lastKnownFileType = sourcecode.swift; path = ClosestStationViewController.swift; sourceTree = "<group>"; };
		49BC8123202E670900200DA6 /* TimeTableViewController.swift */ = {isa = PBXFileReference; lastKnownFileType = sourcecode.swift; path = TimeTableViewController.swift; sourceTree = "<group>"; };
		49BC8127202F55FF00200DA6 /* Estimate.swift */ = {isa = PBXFileReference; lastKnownFileType = sourcecode.swift; path = Estimate.swift; sourceTree = "<group>"; };
		49BC8129202F639400200DA6 /* TimeTableTableViewCell.swift */ = {isa = PBXFileReference; lastKnownFileType = sourcecode.swift; path = TimeTableTableViewCell.swift; sourceTree = "<group>"; };
		49DAC617202CF43900106F48 /* bart.app */ = {isa = PBXFileReference; explicitFileType = wrapper.application; includeInIndex = 0; path = bart.app; sourceTree = BUILT_PRODUCTS_DIR; };
		49DAC61A202CF43900106F48 /* AppDelegate.swift */ = {isa = PBXFileReference; lastKnownFileType = sourcecode.swift; path = AppDelegate.swift; sourceTree = "<group>"; };
		49DAC61F202CF43900106F48 /* Base */ = {isa = PBXFileReference; lastKnownFileType = file.storyboard; name = Base; path = Base.lproj/Main.storyboard; sourceTree = "<group>"; };
		49DAC621202CF43900106F48 /* Assets.xcassets */ = {isa = PBXFileReference; lastKnownFileType = folder.assetcatalog; path = Assets.xcassets; sourceTree = "<group>"; };
		49DAC624202CF43900106F48 /* Base */ = {isa = PBXFileReference; lastKnownFileType = file.storyboard; name = Base; path = Base.lproj/LaunchScreen.storyboard; sourceTree = "<group>"; };
		49DAC626202CF43900106F48 /* Info.plist */ = {isa = PBXFileReference; lastKnownFileType = text.plist.xml; path = Info.plist; sourceTree = "<group>"; };
		49E9AAAE2034B1F200915238 /* UIColor+extension.swift */ = {isa = PBXFileReference; lastKnownFileType = sourcecode.swift; path = "UIColor+extension.swift"; sourceTree = "<group>"; };
		49E9AAB02034C28100915238 /* MainTabBarViewController.swift */ = {isa = PBXFileReference; lastKnownFileType = sourcecode.swift; path = MainTabBarViewController.swift; sourceTree = "<group>"; };
		B2E45738743BEF44DB323929 /* Pods-bart.debug.xcconfig */ = {isa = PBXFileReference; includeInIndex = 1; lastKnownFileType = text.xcconfig; name = "Pods-bart.debug.xcconfig"; path = "Pods/Target Support Files/Pods-bart/Pods-bart.debug.xcconfig"; sourceTree = "<group>"; };
		D549C007C92C1EA2407E02B4 /* Pods-bart.release.xcconfig */ = {isa = PBXFileReference; includeInIndex = 1; lastKnownFileType = text.xcconfig; name = "Pods-bart.release.xcconfig"; path = "Pods/Target Support Files/Pods-bart/Pods-bart.release.xcconfig"; sourceTree = "<group>"; };
/* End PBXFileReference section */

/* Begin PBXFrameworksBuildPhase section */
		49DAC614202CF43900106F48 /* Frameworks */ = {
			isa = PBXFrameworksBuildPhase;
			buildActionMask = 2147483647;
			files = (
				5DAFE973C40DC6C6D28935D7 /* Pods_bart.framework in Frameworks */,
			);
			runOnlyForDeploymentPostprocessing = 0;
		};
/* End PBXFrameworksBuildPhase section */

/* Begin PBXGroup section */
		49455C32202FD7050017926C /* Extensions */ = {
			isa = PBXGroup;
			children = (
				49455C35202FDA330017926C /* TimeTableEntry+extension.swift */,
				49E9AAAE2034B1F200915238 /* UIColor+extension.swift */,
				49649005203E634900734ED3 /* Station+extension.swift */,
			);
			path = Extensions;
			sourceTree = "<group>";
		};
		4983799E202D118B00733412 /* Models */ = {
			isa = PBXGroup;
			children = (
				49BC8127202F55FF00200DA6 /* Estimate.swift */,
				4983799C202D118400733412 /* Station.swift */,
				4983799F202D182500733412 /* Network.swift */,
				498379A3202D1F1B00733412 /* StationTableViewCell.swift */,
				49BC8129202F639400200DA6 /* TimeTableTableViewCell.swift */,
			);
			path = Models;
			sourceTree = "<group>";
		};
		49DAC60E202CF43900106F48 = {
			isa = PBXGroup;
			children = (
				49DAC619202CF43900106F48 /* bart */,
				49DAC618202CF43900106F48 /* Products */,
				D07459FD46F12B35F434348C /* Pods */,
				C153E5492F772593A588B315 /* Frameworks */,
			);
			sourceTree = "<group>";
		};
		49DAC618202CF43900106F48 /* Products */ = {
			isa = PBXGroup;
			children = (
				49DAC617202CF43900106F48 /* bart.app */,
			);
			name = Products;
			sourceTree = "<group>";
		};
		49DAC619202CF43900106F48 /* bart */ = {
			isa = PBXGroup;
			children = (
				49DAC61A202CF43900106F48 /* AppDelegate.swift */,
				4983799E202D118B00733412 /* Models */,
				49E9AAAD2033EDE000915238 /* View Controllers */,
				49455C32202FD7050017926C /* Extensions */,
				49DAC61E202CF43900106F48 /* Main.storyboard */,
				49DAC623202CF43900106F48 /* LaunchScreen.storyboard */,
				49DAC621202CF43900106F48 /* Assets.xcassets */,
				49DAC626202CF43900106F48 /* Info.plist */,
			);
			path = bart;
			sourceTree = "<group>";
		};
		49E9AAAD2033EDE000915238 /* View Controllers */ = {
			isa = PBXGroup;
			children = (
				498379A1202D1EAE00733412 /* AllStationListTableViewController.swift */,
				49BC8123202E670900200DA6 /* TimeTableViewController.swift */,
				49ADF1D7203E26AF00680982 /* ClosestStationViewController.swift */,
				49E9AAB02034C28100915238 /* MainTabBarViewController.swift */,
				4968F5BE203E539C00A7F011 /* FavoritesViewController.swift */,
			);
			path = "View Controllers";
			sourceTree = "<group>";
		};
		C153E5492F772593A588B315 /* Frameworks */ = {
			isa = PBXGroup;
			children = (
				0E6428A5002FC787FAE15DBE /* Pods_bart.framework */,
			);
			name = Frameworks;
			sourceTree = "<group>";
		};
		D07459FD46F12B35F434348C /* Pods */ = {
			isa = PBXGroup;
			children = (
				B2E45738743BEF44DB323929 /* Pods-bart.debug.xcconfig */,
				D549C007C92C1EA2407E02B4 /* Pods-bart.release.xcconfig */,
			);
			name = Pods;
			sourceTree = "<group>";
		};
/* End PBXGroup section */

/* Begin PBXNativeTarget section */
		49DAC616202CF43900106F48 /* bart */ = {
			isa = PBXNativeTarget;
			buildConfigurationList = 49DAC629202CF43900106F48 /* Build configuration list for PBXNativeTarget "bart" */;
			buildPhases = (
				6FE26883AB1E6B3037826C40 /* [CP] Check Pods Manifest.lock */,
				49DAC613202CF43900106F48 /* Sources */,
				49DAC614202CF43900106F48 /* Frameworks */,
				49DAC615202CF43900106F48 /* Resources */,
				CE4C4025A9077A051FC81423 /* [CP] Embed Pods Frameworks */,
				5D1ED42E7622BAA14CAC5546 /* [CP] Copy Pods Resources */,
			);
			buildRules = (
			);
			dependencies = (
			);
			name = bart;
			productName = bart;
			productReference = 49DAC617202CF43900106F48 /* bart.app */;
			productType = "com.apple.product-type.application";
		};
/* End PBXNativeTarget section */

/* Begin PBXProject section */
		49DAC60F202CF43900106F48 /* Project object */ = {
			isa = PBXProject;
			attributes = {
				LastSwiftUpdateCheck = 0920;
				LastUpgradeCheck = 0920;
				ORGANIZATIONNAME = "Andrew Tsukuda";
				TargetAttributes = {
					49DAC616202CF43900106F48 = {
						CreatedOnToolsVersion = 9.2;
						ProvisioningStyle = Automatic;
					};
				};
			};
			buildConfigurationList = 49DAC612202CF43900106F48 /* Build configuration list for PBXProject "bart" */;
			compatibilityVersion = "Xcode 8.0";
			developmentRegion = en;
			hasScannedForEncodings = 0;
			knownRegions = (
				en,
				Base,
			);
			mainGroup = 49DAC60E202CF43900106F48;
			productRefGroup = 49DAC618202CF43900106F48 /* Products */;
			projectDirPath = "";
			projectRoot = "";
			targets = (
				49DAC616202CF43900106F48 /* bart */,
			);
		};
/* End PBXProject section */

/* Begin PBXResourcesBuildPhase section */
		49DAC615202CF43900106F48 /* Resources */ = {
			isa = PBXResourcesBuildPhase;
			buildActionMask = 2147483647;
			files = (
				49DAC625202CF43900106F48 /* LaunchScreen.storyboard in Resources */,
				49DAC622202CF43900106F48 /* Assets.xcassets in Resources */,
				49DAC620202CF43900106F48 /* Main.storyboard in Resources */,
			);
			runOnlyForDeploymentPostprocessing = 0;
		};
/* End PBXResourcesBuildPhase section */

/* Begin PBXShellScriptBuildPhase section */
		5D1ED42E7622BAA14CAC5546 /* [CP] Copy Pods Resources */ = {
			isa = PBXShellScriptBuildPhase;
			buildActionMask = 2147483647;
			files = (
			);
			inputPaths = (
			);
			name = "[CP] Copy Pods Resources";
			outputPaths = (
			);
			runOnlyForDeploymentPostprocessing = 0;
			shellPath = /bin/sh;
			shellScript = "\"${SRCROOT}/Pods/Target Support Files/Pods-bart/Pods-bart-resources.sh\"\n";
			showEnvVarsInLog = 0;
		};
		6FE26883AB1E6B3037826C40 /* [CP] Check Pods Manifest.lock */ = {
			isa = PBXShellScriptBuildPhase;
			buildActionMask = 2147483647;
			files = (
			);
			inputPaths = (
				"${PODS_PODFILE_DIR_PATH}/Podfile.lock",
				"${PODS_ROOT}/Manifest.lock",
			);
			name = "[CP] Check Pods Manifest.lock";
			outputPaths = (
				"$(DERIVED_FILE_DIR)/Pods-bart-checkManifestLockResult.txt",
			);
			runOnlyForDeploymentPostprocessing = 0;
			shellPath = /bin/sh;
			shellScript = "diff \"${PODS_PODFILE_DIR_PATH}/Podfile.lock\" \"${PODS_ROOT}/Manifest.lock\" > /dev/null\nif [ $? != 0 ] ; then\n    # print error to STDERR\n    echo \"error: The sandbox is not in sync with the Podfile.lock. Run 'pod install' or update your CocoaPods installation.\" >&2\n    exit 1\nfi\n# This output is used by Xcode 'outputs' to avoid re-running this script phase.\necho \"SUCCESS\" > \"${SCRIPT_OUTPUT_FILE_0}\"\n";
			showEnvVarsInLog = 0;
		};
		CE4C4025A9077A051FC81423 /* [CP] Embed Pods Frameworks */ = {
			isa = PBXShellScriptBuildPhase;
			buildActionMask = 2147483647;
			files = (
			);
			inputPaths = (
				"${SRCROOT}/Pods/Target Support Files/Pods-bart/Pods-bart-frameworks.sh",
				"${BUILT_PRODUCTS_DIR}/Alamofire/Alamofire.framework",
				"${BUILT_PRODUCTS_DIR}/MarqueeLabel/MarqueeLabel.framework",
			);
			name = "[CP] Embed Pods Frameworks";
			outputPaths = (
				"${TARGET_BUILD_DIR}/${FRAMEWORKS_FOLDER_PATH}/Alamofire.framework",
				"${TARGET_BUILD_DIR}/${FRAMEWORKS_FOLDER_PATH}/MarqueeLabel.framework",
			);
			runOnlyForDeploymentPostprocessing = 0;
			shellPath = /bin/sh;
			shellScript = "\"${SRCROOT}/Pods/Target Support Files/Pods-bart/Pods-bart-frameworks.sh\"\n";
			showEnvVarsInLog = 0;
		};
/* End PBXShellScriptBuildPhase section */

/* Begin PBXSourcesBuildPhase section */
		49DAC613202CF43900106F48 /* Sources */ = {
			isa = PBXSourcesBuildPhase;
			buildActionMask = 2147483647;
			files = (
				49649006203E634900734ED3 /* Station+extension.swift in Sources */,
				498379A2202D1EAE00733412 /* AllStationListTableViewController.swift in Sources */,
				49BC812A202F639400200DA6 /* TimeTableTableViewCell.swift in Sources */,
				49455C36202FDA330017926C /* TimeTableEntry+extension.swift in Sources */,
				4968F5BF203E539C00A7F011 /* FavoritesViewController.swift in Sources */,
				49E9AAB12034C28100915238 /* MainTabBarViewController.swift in Sources */,
				49BC8124202E670900200DA6 /* TimeTableViewController.swift in Sources */,
				498379A4202D1F1B00733412 /* StationTableViewCell.swift in Sources */,
				4983799D202D118400733412 /* Station.swift in Sources */,
				49ADF1D8203E26AF00680982 /* ClosestStationViewController.swift in Sources */,
				49BC8128202F55FF00200DA6 /* Estimate.swift in Sources */,
				49E9AAAF2034B1F200915238 /* UIColor+extension.swift in Sources */,
				498379A0202D182500733412 /* Network.swift in Sources */,
				49DAC61B202CF43900106F48 /* AppDelegate.swift in Sources */,
			);
			runOnlyForDeploymentPostprocessing = 0;
		};
/* End PBXSourcesBuildPhase section */

/* Begin PBXVariantGroup section */
		49DAC61E202CF43900106F48 /* Main.storyboard */ = {
			isa = PBXVariantGroup;
			children = (
				49DAC61F202CF43900106F48 /* Base */,
			);
			name = Main.storyboard;
			sourceTree = "<group>";
		};
		49DAC623202CF43900106F48 /* LaunchScreen.storyboard */ = {
			isa = PBXVariantGroup;
			children = (
				49DAC624202CF43900106F48 /* Base */,
			);
			name = LaunchScreen.storyboard;
			sourceTree = "<group>";
		};
/* End PBXVariantGroup section */

/* Begin XCBuildConfiguration section */
		49DAC627202CF43900106F48 /* Debug */ = {
			isa = XCBuildConfiguration;
			buildSettings = {
				ALWAYS_SEARCH_USER_PATHS = NO;
				CLANG_ANALYZER_NONNULL = YES;
				CLANG_ANALYZER_NUMBER_OBJECT_CONVERSION = YES_AGGRESSIVE;
				CLANG_CXX_LANGUAGE_STANDARD = "gnu++14";
				CLANG_CXX_LIBRARY = "libc++";
				CLANG_ENABLE_MODULES = YES;
				CLANG_ENABLE_OBJC_ARC = YES;
				CLANG_WARN_BLOCK_CAPTURE_AUTORELEASING = YES;
				CLANG_WARN_BOOL_CONVERSION = YES;
				CLANG_WARN_COMMA = YES;
				CLANG_WARN_CONSTANT_CONVERSION = YES;
				CLANG_WARN_DIRECT_OBJC_ISA_USAGE = YES_ERROR;
				CLANG_WARN_DOCUMENTATION_COMMENTS = YES;
				CLANG_WARN_EMPTY_BODY = YES;
				CLANG_WARN_ENUM_CONVERSION = YES;
				CLANG_WARN_INFINITE_RECURSION = YES;
				CLANG_WARN_INT_CONVERSION = YES;
				CLANG_WARN_NON_LITERAL_NULL_CONVERSION = YES;
				CLANG_WARN_OBJC_LITERAL_CONVERSION = YES;
				CLANG_WARN_OBJC_ROOT_CLASS = YES_ERROR;
				CLANG_WARN_RANGE_LOOP_ANALYSIS = YES;
				CLANG_WARN_STRICT_PROTOTYPES = YES;
				CLANG_WARN_SUSPICIOUS_MOVE = YES;
				CLANG_WARN_UNGUARDED_AVAILABILITY = YES_AGGRESSIVE;
				CLANG_WARN_UNREACHABLE_CODE = YES;
				CLANG_WARN__DUPLICATE_METHOD_MATCH = YES;
				CODE_SIGN_IDENTITY = "iPhone Developer";
				COPY_PHASE_STRIP = NO;
				DEBUG_INFORMATION_FORMAT = dwarf;
				ENABLE_STRICT_OBJC_MSGSEND = YES;
				ENABLE_TESTABILITY = YES;
				GCC_C_LANGUAGE_STANDARD = gnu11;
				GCC_DYNAMIC_NO_PIC = NO;
				GCC_NO_COMMON_BLOCKS = YES;
				GCC_OPTIMIZATION_LEVEL = 0;
				GCC_PREPROCESSOR_DEFINITIONS = (
					"DEBUG=1",
					"$(inherited)",
				);
				GCC_WARN_64_TO_32_BIT_CONVERSION = YES;
				GCC_WARN_ABOUT_RETURN_TYPE = YES_ERROR;
				GCC_WARN_UNDECLARED_SELECTOR = YES;
				GCC_WARN_UNINITIALIZED_AUTOS = YES_AGGRESSIVE;
				GCC_WARN_UNUSED_FUNCTION = YES;
				GCC_WARN_UNUSED_VARIABLE = YES;
				IPHONEOS_DEPLOYMENT_TARGET = 11.2;
				MTL_ENABLE_DEBUG_INFO = YES;
				ONLY_ACTIVE_ARCH = YES;
				SDKROOT = iphoneos;
				SWIFT_ACTIVE_COMPILATION_CONDITIONS = DEBUG;
				SWIFT_OPTIMIZATION_LEVEL = "-Onone";
			};
			name = Debug;
		};
		49DAC628202CF43900106F48 /* Release */ = {
			isa = XCBuildConfiguration;
			buildSettings = {
				ALWAYS_SEARCH_USER_PATHS = NO;
				CLANG_ANALYZER_NONNULL = YES;
				CLANG_ANALYZER_NUMBER_OBJECT_CONVERSION = YES_AGGRESSIVE;
				CLANG_CXX_LANGUAGE_STANDARD = "gnu++14";
				CLANG_CXX_LIBRARY = "libc++";
				CLANG_ENABLE_MODULES = YES;
				CLANG_ENABLE_OBJC_ARC = YES;
				CLANG_WARN_BLOCK_CAPTURE_AUTORELEASING = YES;
				CLANG_WARN_BOOL_CONVERSION = YES;
				CLANG_WARN_COMMA = YES;
				CLANG_WARN_CONSTANT_CONVERSION = YES;
				CLANG_WARN_DIRECT_OBJC_ISA_USAGE = YES_ERROR;
				CLANG_WARN_DOCUMENTATION_COMMENTS = YES;
				CLANG_WARN_EMPTY_BODY = YES;
				CLANG_WARN_ENUM_CONVERSION = YES;
				CLANG_WARN_INFINITE_RECURSION = YES;
				CLANG_WARN_INT_CONVERSION = YES;
				CLANG_WARN_NON_LITERAL_NULL_CONVERSION = YES;
				CLANG_WARN_OBJC_LITERAL_CONVERSION = YES;
				CLANG_WARN_OBJC_ROOT_CLASS = YES_ERROR;
				CLANG_WARN_RANGE_LOOP_ANALYSIS = YES;
				CLANG_WARN_STRICT_PROTOTYPES = YES;
				CLANG_WARN_SUSPICIOUS_MOVE = YES;
				CLANG_WARN_UNGUARDED_AVAILABILITY = YES_AGGRESSIVE;
				CLANG_WARN_UNREACHABLE_CODE = YES;
				CLANG_WARN__DUPLICATE_METHOD_MATCH = YES;
				CODE_SIGN_IDENTITY = "iPhone Developer";
				COPY_PHASE_STRIP = NO;
				DEBUG_INFORMATION_FORMAT = "dwarf-with-dsym";
				ENABLE_NS_ASSERTIONS = NO;
				ENABLE_STRICT_OBJC_MSGSEND = YES;
				GCC_C_LANGUAGE_STANDARD = gnu11;
				GCC_NO_COMMON_BLOCKS = YES;
				GCC_WARN_64_TO_32_BIT_CONVERSION = YES;
				GCC_WARN_ABOUT_RETURN_TYPE = YES_ERROR;
				GCC_WARN_UNDECLARED_SELECTOR = YES;
				GCC_WARN_UNINITIALIZED_AUTOS = YES_AGGRESSIVE;
				GCC_WARN_UNUSED_FUNCTION = YES;
				GCC_WARN_UNUSED_VARIABLE = YES;
				IPHONEOS_DEPLOYMENT_TARGET = 11.2;
				MTL_ENABLE_DEBUG_INFO = NO;
				SDKROOT = iphoneos;
				SWIFT_OPTIMIZATION_LEVEL = "-Owholemodule";
				VALIDATE_PRODUCT = YES;
			};
			name = Release;
		};
		49DAC62A202CF43900106F48 /* Debug */ = {
			isa = XCBuildConfiguration;
			baseConfigurationReference = B2E45738743BEF44DB323929 /* Pods-bart.debug.xcconfig */;
			buildSettings = {
				ASSETCATALOG_COMPILER_APPICON_NAME = AppIcon;
				CODE_SIGN_STYLE = Automatic;
				DEVELOPMENT_TEAM = YTYUD7N245;
				INFOPLIST_FILE = bart/Info.plist;
				IPHONEOS_DEPLOYMENT_TARGET = 10;
				LD_RUNPATH_SEARCH_PATHS = "$(inherited) @executable_path/Frameworks";
				PRODUCT_BUNDLE_IDENTIFIER = tsukudabuddha.bart;
				PRODUCT_NAME = "$(TARGET_NAME)";
				SWIFT_VERSION = 4.0;
				TARGETED_DEVICE_FAMILY = "1,2";
			};
			name = Debug;
		};
		49DAC62B202CF43900106F48 /* Release */ = {
			isa = XCBuildConfiguration;
			baseConfigurationReference = D549C007C92C1EA2407E02B4 /* Pods-bart.release.xcconfig */;
			buildSettings = {
				ASSETCATALOG_COMPILER_APPICON_NAME = AppIcon;
				CODE_SIGN_STYLE = Automatic;
				DEVELOPMENT_TEAM = YTYUD7N245;
				INFOPLIST_FILE = bart/Info.plist;
				IPHONEOS_DEPLOYMENT_TARGET = 10;
				LD_RUNPATH_SEARCH_PATHS = "$(inherited) @executable_path/Frameworks";
				PRODUCT_BUNDLE_IDENTIFIER = tsukudabuddha.bart;
				PRODUCT_NAME = "$(TARGET_NAME)";
				SWIFT_VERSION = 4.0;
				TARGETED_DEVICE_FAMILY = "1,2";
			};
			name = Release;
		};
/* End XCBuildConfiguration section */

/* Begin XCConfigurationList section */
		49DAC612202CF43900106F48 /* Build configuration list for PBXProject "bart" */ = {
			isa = XCConfigurationList;
			buildConfigurations = (
				49DAC627202CF43900106F48 /* Debug */,
				49DAC628202CF43900106F48 /* Release */,
			);
			defaultConfigurationIsVisible = 0;
			defaultConfigurationName = Release;
		};
		49DAC629202CF43900106F48 /* Build configuration list for PBXNativeTarget "bart" */ = {
			isa = XCConfigurationList;
			buildConfigurations = (
				49DAC62A202CF43900106F48 /* Debug */,
				49DAC62B202CF43900106F48 /* Release */,
			);
			defaultConfigurationIsVisible = 0;
			defaultConfigurationName = Release;
		};
/* End XCConfigurationList section */
	};
	rootObject = 49DAC60F202CF43900106F48 /* Project object */;
}
